
Microsoft Visual Studio Solution File, Format Version 12.00
# Visual Studio Version 17
VisualStudioVersion = 17.1.32421.90
MinimumVisualStudioVersion = 10.0.40219.1
Project("{FAE04EC0-301F-11D3-BF4B-00C04F79EFBC}") = "NetScript", "NetScript\NetScript.csproj", "{07C010F8-3533-4D0C-8D51-B9A3EBDA753D}"
EndProject
Global
	GlobalSection(SolutionConfigurationPlatforms) = preSolution
		Debug|Any CPU = Debug|Any CPU
		Release|Any CPU = Release|Any CPU
	EndGlobalSection
	GlobalSection(ProjectConfigurationPlatforms) = postSolution
		{07C010F8-3533-4D0C-8D51-B9A3EBDA753D}.Debug|Any CPU.ActiveCfg = Debug|Any CPU
		{07C010F8-3533-4D0C-8D51-B9A3EBDA753D}.Debug|Any CPU.Build.0 = Debug|Any CPU
		{07C010F8-3533-4D0C-8D51-B9A3EBDA753D}.Release|Any CPU.ActiveCfg = Release|Any CPU
		{07C010F8-3533-4D0C-8D51-B9A3EBDA753D}.Release|Any CPU.Build.0 = Release|Any CPU
	EndGlobalSection
	GlobalSection(SolutionProperties) = preSolution
		HideSolutionNode = FALSE
	EndGlobalSection
	GlobalSection(ExtensibilityGlobals) = postSolution
		SolutionGuid = {DCF8F41C-7652-4D94-AA42-276F58EB3766}
	EndGlobalSection
EndGlobal
