
Microsoft Visual Studio Solution File, Format Version 12.00
# Visual Studio Version 16
VisualStudioVersion = 16.0.32428.217
MinimumVisualStudioVersion = 10.0.40219.1
Project("{9A19103F-16F7-4668-BE54-9A1E7A4F7556}") = "NetScript.Compiler", "NetScript.Compiler\NetScript.Compiler.csproj", "{5445729C-C2A6-4E11-9E30-9845C0E44A09}"
EndProject
Project("{9A19103F-16F7-4668-BE54-9A1E7A4F7556}") = "NetScript.Tester", "NetScript.Tester\NetScript.Tester.csproj", "{33C7AC86-EDC5-418A-A426-9C3411F338F3}"
EndProject
Project("{9A19103F-16F7-4668-BE54-9A1E7A4F7556}") = "NetScript.Core", "NetScript.Core\NetScript.Core.csproj", "{F4685399-9363-44EC-9B1E-4CAB218C0188}"
EndProject
Project("{9A19103F-16F7-4668-BE54-9A1E7A4F7556}") = "NetScript.Interpreter", "NetScript.Interpreter\NetScript.Interpreter.csproj", "{2114F0E1-2C7C-42CC-8F2B-668D84A8FE10}"
EndProject
Project("{FAE04EC0-301F-11D3-BF4B-00C04F79EFBC}") = "NetScript.Editor", "NetScript.Editor\NetScript.Editor.csproj", "{441777F2-306D-41CB-AA60-B85453F8D4D4}"
EndProject
Global
	GlobalSection(SolutionConfigurationPlatforms) = preSolution
		Debug|Any CPU = Debug|Any CPU
		Release|Any CPU = Release|Any CPU
	EndGlobalSection
	GlobalSection(ProjectConfigurationPlatforms) = postSolution
		{5445729C-C2A6-4E11-9E30-9845C0E44A09}.Debug|Any CPU.ActiveCfg = Debug|Any CPU
		{5445729C-C2A6-4E11-9E30-9845C0E44A09}.Debug|Any CPU.Build.0 = Debug|Any CPU
		{5445729C-C2A6-4E11-9E30-9845C0E44A09}.Release|Any CPU.ActiveCfg = Release|Any CPU
		{5445729C-C2A6-4E11-9E30-9845C0E44A09}.Release|Any CPU.Build.0 = Release|Any CPU
		{33C7AC86-EDC5-418A-A426-9C3411F338F3}.Debug|Any CPU.ActiveCfg = Debug|Any CPU
		{33C7AC86-EDC5-418A-A426-9C3411F338F3}.Debug|Any CPU.Build.0 = Debug|Any CPU
		{33C7AC86-EDC5-418A-A426-9C3411F338F3}.Release|Any CPU.ActiveCfg = Release|Any CPU
		{33C7AC86-EDC5-418A-A426-9C3411F338F3}.Release|Any CPU.Build.0 = Release|Any CPU
		{F4685399-9363-44EC-9B1E-4CAB218C0188}.Debug|Any CPU.ActiveCfg = Debug|Any CPU
		{F4685399-9363-44EC-9B1E-4CAB218C0188}.Debug|Any CPU.Build.0 = Debug|Any CPU
		{F4685399-9363-44EC-9B1E-4CAB218C0188}.Release|Any CPU.ActiveCfg = Release|Any CPU
		{F4685399-9363-44EC-9B1E-4CAB218C0188}.Release|Any CPU.Build.0 = Release|Any CPU
		{2114F0E1-2C7C-42CC-8F2B-668D84A8FE10}.Debug|Any CPU.ActiveCfg = Debug|Any CPU
		{2114F0E1-2C7C-42CC-8F2B-668D84A8FE10}.Debug|Any CPU.Build.0 = Debug|Any CPU
		{2114F0E1-2C7C-42CC-8F2B-668D84A8FE10}.Release|Any CPU.ActiveCfg = Release|Any CPU
		{2114F0E1-2C7C-42CC-8F2B-668D84A8FE10}.Release|Any CPU.Build.0 = Release|Any CPU
		{441777F2-306D-41CB-AA60-B85453F8D4D4}.Debug|Any CPU.ActiveCfg = Debug|Any CPU
		{441777F2-306D-41CB-AA60-B85453F8D4D4}.Debug|Any CPU.Build.0 = Debug|Any CPU
		{441777F2-306D-41CB-AA60-B85453F8D4D4}.Release|Any CPU.ActiveCfg = Release|Any CPU
		{441777F2-306D-41CB-AA60-B85453F8D4D4}.Release|Any CPU.Build.0 = Release|Any CPU
	EndGlobalSection
	GlobalSection(SolutionProperties) = preSolution
		HideSolutionNode = FALSE
	EndGlobalSection
	GlobalSection(ExtensibilityGlobals) = postSolution
		SolutionGuid = {63FC793E-C923-4185-8305-8AF51AC40D65}
	EndGlobalSection
EndGlobal
